
Microsoft Visual Studio Solution File, Format Version 12.00
# Visual Studio Version 17
VisualStudioVersion = 17.9.34701.34
MinimumVisualStudioVersion = 10.0.40219.1
Project("{FAE04EC0-301F-11D3-BF4B-00C04F79EFBC}") = "ExponentsLab", "ExponentsLab\ExponentsLab.csproj", "{B87460CF-4033-4AE7-A44A-9654E9542683}"
EndProject
Global
	GlobalSection(SolutionConfigurationPlatforms) = preSolution
		Debug|Any CPU = Debug|Any CPU
		Release|Any CPU = Release|Any CPU
	EndGlobalSection
	GlobalSection(ProjectConfigurationPlatforms) = postSolution
		{B87460CF-4033-4AE7-A44A-9654E9542683}.Debug|Any CPU.ActiveCfg = Debug|Any CPU
		{B87460CF-4033-4AE7-A44A-9654E9542683}.Debug|Any CPU.Build.0 = Debug|Any CPU
		{B87460CF-4033-4AE7-A44A-9654E9542683}.Release|Any CPU.ActiveCfg = Release|Any CPU
		{B87460CF-4033-4AE7-A44A-9654E9542683}.Release|Any CPU.Build.0 = Release|Any CPU
	EndGlobalSection
	GlobalSection(SolutionProperties) = preSolution
		HideSolutionNode = FALSE
	EndGlobalSection
	GlobalSection(ExtensibilityGlobals) = postSolution
		SolutionGuid = {B7342AA4-204F-4064-B257-2A86147855F0}
	EndGlobalSection
EndGlobal
